// !$*UTF8*$!
{
	archiveVersion = 1;
	classes = {
	};
	objectVersion = 48;
	objects = {

/* Begin PBXBuildFile section */
		950ADC781FBAAC6600A6DA99 /* AppDelegate.swift in Sources */ = {isa = PBXBuildFile; fileRef = 950ADC771FBAAC6600A6DA99 /* AppDelegate.swift */; };
		950ADC7A1FBAAC6700A6DA99 /* ViewController.swift in Sources */ = {isa = PBXBuildFile; fileRef = 950ADC791FBAAC6700A6DA99 /* ViewController.swift */; };
		950ADC7D1FBAAC6700A6DA99 /* Main.storyboard in Resources */ = {isa = PBXBuildFile; fileRef = 950ADC7B1FBAAC6700A6DA99 /* Main.storyboard */; };
		950ADC7F1FBAAC6700A6DA99 /* Assets.xcassets in Resources */ = {isa = PBXBuildFile; fileRef = 950ADC7E1FBAAC6700A6DA99 /* Assets.xcassets */; };
		950ADC821FBAAC6700A6DA99 /* LaunchScreen.storyboard in Resources */ = {isa = PBXBuildFile; fileRef = 950ADC801FBAAC6700A6DA99 /* LaunchScreen.storyboard */; };
/* End PBXBuildFile section */

/* Begin PBXFileReference section */
		950ADC741FBAAC6600A6DA99 /* ChangingPage.app */ = {isa = PBXFileReference; explicitFileType = wrapper.application; includeInIndex = 0; path = ChangingPage.app; sourceTree = BUILT_PRODUCTS_DIR; };
		950ADC771FBAAC6600A6DA99 /* AppDelegate.swift */ = {isa = PBXFileReference; lastKnownFileType = sourcecode.swift; path = AppDelegate.swift; sourceTree = "<group>"; };
		950ADC791FBAAC6700A6DA99 /* ViewController.swift */ = {isa = PBXFileReference; lastKnownFileType = sourcecode.swift; path = ViewController.swift; sourceTree = "<group>"; };
		950ADC7C1FBAAC6700A6DA99 /* Base */ = {isa = PBXFileReference; lastKnownFileType = file.storyboard; name = Base; path = Base.lproj/Main.storyboard; sourceTree = "<group>"; };
		950ADC7E1FBAAC6700A6DA99 /* Assets.xcassets */ = {isa = PBXFileReference; lastKnownFileType = folder.assetcatalog; path = Assets.xcassets; sourceTree = "<group>"; };
		950ADC811FBAAC6700A6DA99 /* Base */ = {isa = PBXFileReference; lastKnownFileType = file.storyboard; name = Base; path = Base.lproj/LaunchScreen.storyboard; sourceTree = "<group>"; };
		950ADC831FBAAC6700A6DA99 /* Info.plist */ = {isa = PBXFileReference; lastKnownFileType = text.plist.xml; path = Info.plist; sourceTree = "<group>"; };
/* End PBXFileReference section */

/* Begin PBXFrameworksBuildPhase section */
		950ADC711FBAAC6600A6DA99 /* Frameworks */ = {
			isa = PBXFrameworksBuildPhase;
			buildActionMask = 2147483647;
			files = (
			);
			runOnlyForDeploymentPostprocessing = 0;
		};
/* End PBXFrameworksBuildPhase section */

/* Begin PBXGroup section */
		950ADC6B1FBAAC6500A6DA99 = {
			isa = PBXGroup;
			children = (
				950ADC761FBAAC6600A6DA99 /* ChangingPage */,
				950ADC751FBAAC6600A6DA99 /* Products */,
			);
			sourceTree = "<group>";
		};
		950ADC751FBAAC6600A6DA99 /* Products */ = {
			isa = PBXGroup;
			children = (
				950ADC741FBAAC6600A6DA99 /* ChangingPage.app */,
			);
			name = Products;
			sourceTree = "<group>";
		};
		950ADC761FBAAC6600A6DA99 /* ChangingPage */ = {
			isa = PBXGroup;
			children = (
				950ADC771FBAAC6600A6DA99 /* AppDelegate.swift */,
				950ADC791FBAAC6700A6DA99 /* ViewController.swift */,
				950ADC7B1FBAAC6700A6DA99 /* Main.storyboard */,
				950ADC7E1FBAAC6700A6DA99 /* Assets.xcassets */,
				950ADC801FBAAC6700A6DA99 /* LaunchScreen.storyboard */,
				950ADC831FBAAC6700A6DA99 /* Info.plist */,
			);
			path = ChangingPage;
			sourceTree = "<group>";
		};
/* End PBXGroup section */

/* Begin PBXNativeTarget section */
		950ADC731FBAAC6600A6DA99 /* ChangingPage */ = {
			isa = PBXNativeTarget;
			buildConfigurationList = 950ADC861FBAAC6700A6DA99 /* Build configuration list for PBXNativeTarget "ChangingPage" */;
			buildPhases = (
				950ADC701FBAAC6600A6DA99 /* Sources */,
				950ADC711FBAAC6600A6DA99 /* Frameworks */,
				950ADC721FBAAC6600A6DA99 /* Resources */,
			);
			buildRules = (
			);
			dependencies = (
			);
			name = ChangingPage;
			productName = ChangingPage;
			productReference = 950ADC741FBAAC6600A6DA99 /* ChangingPage.app */;
			productType = "com.apple.product-type.application";
		};
/* End PBXNativeTarget section */

/* Begin PBXProject section */
		950ADC6C1FBAAC6600A6DA99 /* Project object */ = {
			isa = PBXProject;
			attributes = {
				LastSwiftUpdateCheck = 0910;
				LastUpgradeCheck = 0910;
				ORGANIZATIONNAME = pragaash;
				TargetAttributes = {
					950ADC731FBAAC6600A6DA99 = {
						CreatedOnToolsVersion = 9.1;
						ProvisioningStyle = Automatic;
					};
				};
			};
			buildConfigurationList = 950ADC6F1FBAAC6600A6DA99 /* Build configuration list for PBXProject "ChangingPage" */;
			compatibilityVersion = "Xcode 8.0";
			developmentRegion = en;
			hasScannedForEncodings = 0;
			knownRegions = (
				en,
				Base,
			);
			mainGroup = 950ADC6B1FBAAC6500A6DA99;
			productRefGroup = 950ADC751FBAAC6600A6DA99 /* Products */;
			projectDirPath = "";
			projectRoot = "";
			targets = (
				950ADC731FBAAC6600A6DA99 /* ChangingPage */,
			);
		};
/* End PBXProject section */

/* Begin PBXResourcesBuildPhase section */
		950ADC721FBAAC6600A6DA99 /* Resources */ = {
			isa = PBXResourcesBuildPhase;
			buildActionMask = 2147483647;
			files = (
				950ADC821FBAAC6700A6DA99 /* LaunchScreen.storyboard in Resources */,
				950ADC7F1FBAAC6700A6DA99 /* Assets.xcassets in Resources */,
				950ADC7D1FBAAC6700A6DA99 /* Main.storyboard in Resources */,
			);
			runOnlyForDeploymentPostprocessing = 0;
		};
/* End PBXResourcesBuildPhase section */

/* Begin PBXSourcesBuildPhase section */
		950ADC701FBAAC6600A6DA99 /* Sources */ = {
			isa = PBXSourcesBuildPhase;
			buildActionMask = 2147483647;
			files = (
				950ADC7A1FBAAC6700A6DA99 /* ViewController.swift in Sources */,
				950ADC781FBAAC6600A6DA99 /* AppDelegate.swift in Sources */,
			);
			runOnlyForDeploymentPostprocessing = 0;
		};
/* End PBXSourcesBuildPhase section */

/* Begin PBXVariantGroup section */
		950ADC7B1FBAAC6700A6DA99 /* Main.storyboard */ = {
			isa = PBXVariantGroup;
			children = (
				950ADC7C1FBAAC6700A6DA99 /* Base */,
			);
			name = Main.storyboard;
			sourceTree = "<group>";
		};
		950ADC801FBAAC6700A6DA99 /* LaunchScreen.storyboard */ = {
			isa = PBXVariantGroup;
			children = (
				950ADC811FBAAC6700A6DA99 /* Base */,
			);
			name = LaunchScreen.storyboard;
			sourceTree = "<group>";
		};
/* End PBXVariantGroup section */

/* Begin XCBuildConfiguration section */
		950ADC841FBAAC6700A6DA99 /* Debug */ = {
			isa = XCBuildConfiguration;
			buildSettings = {
				ALWAYS_SEARCH_USER_PATHS = NO;
				CLANG_ANALYZER_NONNULL = YES;
				CLANG_ANALYZER_NUMBER_OBJECT_CONVERSION = YES_AGGRESSIVE;
				CLANG_CXX_LANGUAGE_STANDARD = "gnu++14";
				CLANG_CXX_LIBRARY = "libc++";
				CLANG_ENABLE_MODULES = YES;
				CLANG_ENABLE_OBJC_ARC = YES;
				CLANG_WARN_BLOCK_CAPTURE_AUTORELEASING = YES;
				CLANG_WARN_BOOL_CONVERSION = YES;
				CLANG_WARN_COMMA = YES;
				CLANG_WARN_CONSTANT_CONVERSION = YES;
				CLANG_WARN_DIRECT_OBJC_ISA_USAGE = YES_ERROR;
				CLANG_WARN_DOCUMENTATION_COMMENTS = YES;
				CLANG_WARN_EMPTY_BODY = YES;
				CLANG_WARN_ENUM_CONVERSION = YES;
				CLANG_WARN_INFINITE_RECURSION = YES;
				CLANG_WARN_INT_CONVERSION = YES;
				CLANG_WARN_NON_LITERAL_NULL_CONVERSION = YES;
				CLANG_WARN_OBJC_LITERAL_CONVERSION = YES;
				CLANG_WARN_OBJC_ROOT_CLASS = YES_ERROR;
				CLANG_WARN_RANGE_LOOP_ANALYSIS = YES;
				CLANG_WARN_STRICT_PROTOTYPES = YES;
				CLANG_WARN_SUSPICIOUS_MOVE = YES;
				CLANG_WARN_UNGUARDED_AVAILABILITY = YES_AGGRESSIVE;
				CLANG_WARN_UNREACHABLE_CODE = YES;
				CLANG_WARN__DUPLICATE_METHOD_MATCH = YES;
				CODE_SIGN_IDENTITY = "iPhone Developer";
				COPY_PHASE_STRIP = NO;
				DEBUG_INFORMATION_FORMAT = dwarf;
				ENABLE_STRICT_OBJC_MSGSEND = YES;
				ENABLE_TESTABILITY = YES;
				GCC_C_LANGUAGE_STANDARD = gnu11;
				GCC_DYNAMIC_NO_PIC = NO;
				GCC_NO_COMMON_BLOCKS = YES;
				GCC_OPTIMIZATION_LEVEL = 0;
				GCC_PREPROCESSOR_DEFINITIONS = (
					"DEBUG=1",
					"$(inherited)",
				);
				GCC_WARN_64_TO_32_BIT_CONVERSION = YES;
				GCC_WARN_ABOUT_RETURN_TYPE = YES_ERROR;
				GCC_WARN_UNDECLARED_SELECTOR = YES;
				GCC_WARN_UNINITIALIZED_AUTOS = YES_AGGRESSIVE;
				GCC_WARN_UNUSED_FUNCTION = YES;
				GCC_WARN_UNUSED_VARIABLE = YES;
				IPHONEOS_DEPLOYMENT_TARGET = 11.1;
				MTL_ENABLE_DEBUG_INFO = YES;
				ONLY_ACTIVE_ARCH = YES;
				SDKROOT = iphoneos;
				SWIFT_ACTIVE_COMPILATION_CONDITIONS = DEBUG;
				SWIFT_OPTIMIZATION_LEVEL = "-Onone";
			};
			name = Debug;
		};
		950ADC851FBAAC6700A6DA99 /* Release */ = {
			isa = XCBuildConfiguration;
			buildSettings = {
				ALWAYS_SEARCH_USER_PATHS = NO;
				CLANG_ANALYZER_NONNULL = YES;
				CLANG_ANALYZER_NUMBER_OBJECT_CONVERSION = YES_AGGRESSIVE;
				CLANG_CXX_LANGUAGE_STANDARD = "gnu++14";
				CLANG_CXX_LIBRARY = "libc++";
				CLANG_ENABLE_MODULES = YES;
				CLANG_ENABLE_OBJC_ARC = YES;
				CLANG_WARN_BLOCK_CAPTURE_AUTORELEASING = YES;
				CLANG_WARN_BOOL_CONVERSION = YES;
				CLANG_WARN_COMMA = YES;
				CLANG_WARN_CONSTANT_CONVERSION = YES;
				CLANG_WARN_DIRECT_OBJC_ISA_USAGE = YES_ERROR;
				CLANG_WARN_DOCUMENTATION_COMMENTS = YES;
				CLANG_WARN_EMPTY_BODY = YES;
				CLANG_WARN_ENUM_CONVERSION = YES;
				CLANG_WARN_INFINITE_RECURSION = YES;
				CLANG_WARN_INT_CONVERSION = YES;
				CLANG_WARN_NON_LITERAL_NULL_CONVERSION = YES;
				CLANG_WARN_OBJC_LITERAL_CONVERSION = YES;
				CLANG_WARN_OBJC_ROOT_CLASS = YES_ERROR;
				CLANG_WARN_RANGE_LOOP_ANALYSIS = YES;
				CLANG_WARN_STRICT_PROTOTYPES = YES;
				CLANG_WARN_SUSPICIOUS_MOVE = YES;
				CLANG_WARN_UNGUARDED_AVAILABILITY = YES_AGGRESSIVE;
				CLANG_WARN_UNREACHABLE_CODE = YES;
				CLANG_WARN__DUPLICATE_METHOD_MATCH = YES;
				CODE_SIGN_IDENTITY = "iPhone Developer";
				COPY_PHASE_STRIP = NO;
				DEBUG_INFORMATION_FORMAT = "dwarf-with-dsym";
				ENABLE_NS_ASSERTIONS = NO;
				ENABLE_STRICT_OBJC_MSGSEND = YES;
				GCC_C_LANGUAGE_STANDARD = gnu11;
				GCC_NO_COMMON_BLOCKS = YES;
				GCC_WARN_64_TO_32_BIT_CONVERSION = YES;
				GCC_WARN_ABOUT_RETURN_TYPE = YES_ERROR;
				GCC_WARN_UNDECLARED_SELECTOR = YES;
				GCC_WARN_UNINITIALIZED_AUTOS = YES_AGGRESSIVE;
				GCC_WARN_UNUSED_FUNCTION = YES;
				GCC_WARN_UNUSED_VARIABLE = YES;
				IPHONEOS_DEPLOYMENT_TARGET = 11.1;
				MTL_ENABLE_DEBUG_INFO = NO;
				SDKROOT = iphoneos;
				SWIFT_OPTIMIZATION_LEVEL = "-Owholemodule";
				VALIDATE_PRODUCT = YES;
			};
			name = Release;
		};
		950ADC871FBAAC6700A6DA99 /* Debug */ = {
			isa = XCBuildConfiguration;
			buildSettings = {
				ASSETCATALOG_COMPILER_APPICON_NAME = AppIcon;
				CODE_SIGN_STYLE = Automatic;
				INFOPLIST_FILE = ChangingPage/Info.plist;
				LD_RUNPATH_SEARCH_PATHS = "$(inherited) @executable_path/Frameworks";
				PRODUCT_BUNDLE_IDENTIFIER = thepragz.ChangingPage;
				PRODUCT_NAME = "$(TARGET_NAME)";
				SWIFT_VERSION = 4.0;
				TARGETED_DEVICE_FAMILY = "1,2";
			};
			name = Debug;
		};
		950ADC881FBAAC6700A6DA99 /* Release */ = {
			isa = XCBuildConfiguration;
			buildSettings = {
				ASSETCATALOG_COMPILER_APPICON_NAME = AppIcon;
				CODE_SIGN_STYLE = Automatic;
				INFOPLIST_FILE = ChangingPage/Info.plist;
				LD_RUNPATH_SEARCH_PATHS = "$(inherited) @executable_path/Frameworks";
				PRODUCT_BUNDLE_IDENTIFIER = thepragz.ChangingPage;
				PRODUCT_NAME = "$(TARGET_NAME)";
				SWIFT_VERSION = 4.0;
				TARGETED_DEVICE_FAMILY = "1,2";
			};
			name = Release;
		};
/* End XCBuildConfiguration section */

/* Begin XCConfigurationList section */
		950ADC6F1FBAAC6600A6DA99 /* Build configuration list for PBXProject "ChangingPage" */ = {
			isa = XCConfigurationList;
			buildConfigurations = (
				950ADC841FBAAC6700A6DA99 /* Debug */,
				950ADC851FBAAC6700A6DA99 /* Release */,
			);
			defaultConfigurationIsVisible = 0;
			defaultConfigurationName = Release;
		};
		950ADC861FBAAC6700A6DA99 /* Build configuration list for PBXNativeTarget "ChangingPage" */ = {
			isa = XCConfigurationList;
			buildConfigurations = (
				950ADC871FBAAC6700A6DA99 /* Debug */,
				950ADC881FBAAC6700A6DA99 /* Release */,
			);
			defaultConfigurationIsVisible = 0;
			defaultConfigurationName = Release;
		};
/* End XCConfigurationList section */
	};
	rootObject = 950ADC6C1FBAAC6600A6DA99 /* Project object */;
}
